
Microsoft Visual Studio Solution File, Format Version 12.00
# Visual Studio 15
VisualStudioVersion = 15.0.26228.4
MinimumVisualStudioVersion = 10.0.40219.1
Project("{FAE04EC0-301F-11D3-BF4B-00C04F79EFBC}") = "MusicIndexeerV2", "MusicIndexeerV2\MusicIndexeerV2.csproj", "{699B91FB-A531-48BA-933F-9B1F55D04F10}"
EndProject
Project("{FAE04EC0-301F-11D3-BF4B-00C04F79EFBC}") = "MusicIndexeerV2.Usercontrols", "..\MusicIndexeerV2.Usercontrols\MusicIndexeerV2.Usercontrols.csproj", "{93C8874F-6EB2-41CE-9443-ED95A4D82B5B}"
EndProject
Project("{FAE04EC0-301F-11D3-BF4B-00C04F79EFBC}") = "MusicIndexeerV2.Tests", "MusicIndexeerV2.Tests\MusicIndexeerV2.Tests.csproj", "{21712CE2-F3B6-4C8B-84C1-62FF6B7018B6}"
EndProject
Project("{FAE04EC0-301F-11D3-BF4B-00C04F79EFBC}") = "MusicIndexeerV2.File", "MusicIndexeerV2.File\MusicIndexeerV2.File.csproj", "{D60E2E29-8F37-43B4-A7B8-990F8AE56032}"
EndProject
Project("{FAE04EC0-301F-11D3-BF4B-00C04F79EFBC}") = "MusicIndexeerV2.Config", "MusicINdexeerV2.Config\MusicIndexeerV2.Config.csproj", "{B2CD6700-F70A-4E76-848D-9DD1DFE2ADAF}"
EndProject
Global
	GlobalSection(SolutionConfigurationPlatforms) = preSolution
		Debug|Any CPU = Debug|Any CPU
		Release|Any CPU = Release|Any CPU
	EndGlobalSection
	GlobalSection(ProjectConfigurationPlatforms) = postSolution
		{699B91FB-A531-48BA-933F-9B1F55D04F10}.Debug|Any CPU.ActiveCfg = Debug|Any CPU
		{699B91FB-A531-48BA-933F-9B1F55D04F10}.Debug|Any CPU.Build.0 = Debug|Any CPU
		{699B91FB-A531-48BA-933F-9B1F55D04F10}.Release|Any CPU.ActiveCfg = Release|Any CPU
		{699B91FB-A531-48BA-933F-9B1F55D04F10}.Release|Any CPU.Build.0 = Release|Any CPU
		{93C8874F-6EB2-41CE-9443-ED95A4D82B5B}.Debug|Any CPU.ActiveCfg = Debug|Any CPU
		{93C8874F-6EB2-41CE-9443-ED95A4D82B5B}.Debug|Any CPU.Build.0 = Debug|Any CPU
		{93C8874F-6EB2-41CE-9443-ED95A4D82B5B}.Release|Any CPU.ActiveCfg = Release|Any CPU
		{93C8874F-6EB2-41CE-9443-ED95A4D82B5B}.Release|Any CPU.Build.0 = Release|Any CPU
		{21712CE2-F3B6-4C8B-84C1-62FF6B7018B6}.Debug|Any CPU.ActiveCfg = Debug|Any CPU
		{21712CE2-F3B6-4C8B-84C1-62FF6B7018B6}.Debug|Any CPU.Build.0 = Debug|Any CPU
		{21712CE2-F3B6-4C8B-84C1-62FF6B7018B6}.Release|Any CPU.ActiveCfg = Release|Any CPU
		{21712CE2-F3B6-4C8B-84C1-62FF6B7018B6}.Release|Any CPU.Build.0 = Release|Any CPU
		{D60E2E29-8F37-43B4-A7B8-990F8AE56032}.Debug|Any CPU.ActiveCfg = Debug|Any CPU
		{D60E2E29-8F37-43B4-A7B8-990F8AE56032}.Debug|Any CPU.Build.0 = Debug|Any CPU
		{D60E2E29-8F37-43B4-A7B8-990F8AE56032}.Release|Any CPU.ActiveCfg = Release|Any CPU
		{D60E2E29-8F37-43B4-A7B8-990F8AE56032}.Release|Any CPU.Build.0 = Release|Any CPU
		{B2CD6700-F70A-4E76-848D-9DD1DFE2ADAF}.Debug|Any CPU.ActiveCfg = Debug|Any CPU
		{B2CD6700-F70A-4E76-848D-9DD1DFE2ADAF}.Debug|Any CPU.Build.0 = Debug|Any CPU
		{B2CD6700-F70A-4E76-848D-9DD1DFE2ADAF}.Release|Any CPU.ActiveCfg = Release|Any CPU
		{B2CD6700-F70A-4E76-848D-9DD1DFE2ADAF}.Release|Any CPU.Build.0 = Release|Any CPU
	EndGlobalSection
	GlobalSection(SolutionProperties) = preSolution
		HideSolutionNode = FALSE
	EndGlobalSection
EndGlobal
